
Microsoft Visual Studio Solution File, Format Version 12.00
# Visual Studio Version 17
VisualStudioVersion = 17.6.33829.357
MinimumVisualStudioVersion = 10.0.40219.1
Project("{FAE04EC0-301F-11D3-BF4B-00C04F79EFBC}") = "MyProductModel", "MyProductModel\MyProductModel.csproj", "{2B3C9B0C-E5D0-4BD6-B3C0-CFE95363C9CC}"
EndProject
Global
	GlobalSection(SolutionConfigurationPlatforms) = preSolution
		Debug|Any CPU = Debug|Any CPU
		Release|Any CPU = Release|Any CPU
	EndGlobalSection
	GlobalSection(ProjectConfigurationPlatforms) = postSolution
		{2B3C9B0C-E5D0-4BD6-B3C0-CFE95363C9CC}.Debug|Any CPU.ActiveCfg = Debug|Any CPU
		{2B3C9B0C-E5D0-4BD6-B3C0-CFE95363C9CC}.Debug|Any CPU.Build.0 = Debug|Any CPU
		{2B3C9B0C-E5D0-4BD6-B3C0-CFE95363C9CC}.Release|Any CPU.ActiveCfg = Release|Any CPU
		{2B3C9B0C-E5D0-4BD6-B3C0-CFE95363C9CC}.Release|Any CPU.Build.0 = Release|Any CPU
	EndGlobalSection
	GlobalSection(SolutionProperties) = preSolution
		HideSolutionNode = FALSE
	EndGlobalSection
	GlobalSection(ExtensibilityGlobals) = postSolution
		SolutionGuid = {A5496268-8512-4472-AC33-42FD94C915D2}
	EndGlobalSection
EndGlobal
